
Microsoft Visual Studio Solution File, Format Version 12.00
# Visual Studio Version 16
VisualStudioVersion = 16.0.28917.181
MinimumVisualStudioVersion = 10.0.40219.1
Project("{FAE04EC0-301F-11D3-BF4B-00C04F79EFBC}") = "add_004", "add_004\add_004.csproj", "{1806CA1F-0A31-4CDA-82C5-4414C2847A51}"
EndProject
Project("{FAE04EC0-301F-11D3-BF4B-00C04F79EFBC}") = "t2_004", "t2_004\t2_004.csproj", "{97B3C3FA-CE91-4F44-819B-44C340981143}"
EndProject
Project("{2150E333-8FDC-42A3-9474-1A3956D46DE8}") = "Solution Items", "Solution Items", "{E531E935-D988-4D98-87F8-B5134F079148}"
	ProjectSection(SolutionItems) = preProject
		..\..\C_sharp starter\004_Conditions\004_Conditions\Condition.sln = ..\..\C_sharp starter\004_Conditions\004_Conditions\Condition.sln
	EndProjectSection
EndProject
Project("{FAE04EC0-301F-11D3-BF4B-00C04F79EFBC}") = "t3_004", "t3_004\t3_004.csproj", "{C95D3BC1-E12F-4DC9-A765-7EB37FBD7D6C}"
EndProject
Global
	GlobalSection(SolutionConfigurationPlatforms) = preSolution
		Debug|Any CPU = Debug|Any CPU
		Release|Any CPU = Release|Any CPU
	EndGlobalSection
	GlobalSection(ProjectConfigurationPlatforms) = postSolution
		{1806CA1F-0A31-4CDA-82C5-4414C2847A51}.Debug|Any CPU.ActiveCfg = Debug|Any CPU
		{1806CA1F-0A31-4CDA-82C5-4414C2847A51}.Debug|Any CPU.Build.0 = Debug|Any CPU
		{1806CA1F-0A31-4CDA-82C5-4414C2847A51}.Release|Any CPU.ActiveCfg = Release|Any CPU
		{1806CA1F-0A31-4CDA-82C5-4414C2847A51}.Release|Any CPU.Build.0 = Release|Any CPU
		{97B3C3FA-CE91-4F44-819B-44C340981143}.Debug|Any CPU.ActiveCfg = Debug|Any CPU
		{97B3C3FA-CE91-4F44-819B-44C340981143}.Debug|Any CPU.Build.0 = Debug|Any CPU
		{97B3C3FA-CE91-4F44-819B-44C340981143}.Release|Any CPU.ActiveCfg = Release|Any CPU
		{97B3C3FA-CE91-4F44-819B-44C340981143}.Release|Any CPU.Build.0 = Release|Any CPU
		{C95D3BC1-E12F-4DC9-A765-7EB37FBD7D6C}.Debug|Any CPU.ActiveCfg = Debug|Any CPU
		{C95D3BC1-E12F-4DC9-A765-7EB37FBD7D6C}.Debug|Any CPU.Build.0 = Debug|Any CPU
		{C95D3BC1-E12F-4DC9-A765-7EB37FBD7D6C}.Release|Any CPU.ActiveCfg = Release|Any CPU
		{C95D3BC1-E12F-4DC9-A765-7EB37FBD7D6C}.Release|Any CPU.Build.0 = Release|Any CPU
	EndGlobalSection
	GlobalSection(SolutionProperties) = preSolution
		HideSolutionNode = FALSE
	EndGlobalSection
	GlobalSection(ExtensibilityGlobals) = postSolution
		SolutionGuid = {A9770D52-CEF0-4F45-9C10-4908BF07CEE1}
	EndGlobalSection
EndGlobal
