
Microsoft Visual Studio Solution File, Format Version 12.00
# Visual Studio 15
VisualStudioVersion = 15.0.27004.2009
MinimumVisualStudioVersion = 10.0.40219.1
Project("{FAE04EC0-301F-11D3-BF4B-00C04F79EFBC}") = "add_003", "add_003\add_003.csproj", "{6A789792-FFDF-4349-B91F-31B3AF2C29B5}"
EndProject
Project("{FAE04EC0-301F-11D3-BF4B-00C04F79EFBC}") = "t1_003", "t1_003\t1_003.csproj", "{D67E120E-1CD0-464F-AB57-FA9E0A7925B9}"
EndProject
Project("{FAE04EC0-301F-11D3-BF4B-00C04F79EFBC}") = "t2_003", "t2_003\t2_003.csproj", "{0839144B-875F-4083-B5F6-28ECA73D01EE}"
EndProject
Global
	GlobalSection(SolutionConfigurationPlatforms) = preSolution
		Debug|Any CPU = Debug|Any CPU
		Release|Any CPU = Release|Any CPU
	EndGlobalSection
	GlobalSection(ProjectConfigurationPlatforms) = postSolution
		{6A789792-FFDF-4349-B91F-31B3AF2C29B5}.Debug|Any CPU.ActiveCfg = Debug|Any CPU
		{6A789792-FFDF-4349-B91F-31B3AF2C29B5}.Debug|Any CPU.Build.0 = Debug|Any CPU
		{6A789792-FFDF-4349-B91F-31B3AF2C29B5}.Release|Any CPU.ActiveCfg = Release|Any CPU
		{6A789792-FFDF-4349-B91F-31B3AF2C29B5}.Release|Any CPU.Build.0 = Release|Any CPU
		{D67E120E-1CD0-464F-AB57-FA9E0A7925B9}.Debug|Any CPU.ActiveCfg = Debug|Any CPU
		{D67E120E-1CD0-464F-AB57-FA9E0A7925B9}.Debug|Any CPU.Build.0 = Debug|Any CPU
		{D67E120E-1CD0-464F-AB57-FA9E0A7925B9}.Release|Any CPU.ActiveCfg = Release|Any CPU
		{D67E120E-1CD0-464F-AB57-FA9E0A7925B9}.Release|Any CPU.Build.0 = Release|Any CPU
		{0839144B-875F-4083-B5F6-28ECA73D01EE}.Debug|Any CPU.ActiveCfg = Debug|Any CPU
		{0839144B-875F-4083-B5F6-28ECA73D01EE}.Debug|Any CPU.Build.0 = Debug|Any CPU
		{0839144B-875F-4083-B5F6-28ECA73D01EE}.Release|Any CPU.ActiveCfg = Release|Any CPU
		{0839144B-875F-4083-B5F6-28ECA73D01EE}.Release|Any CPU.Build.0 = Release|Any CPU
	EndGlobalSection
	GlobalSection(SolutionProperties) = preSolution
		HideSolutionNode = FALSE
	EndGlobalSection
	GlobalSection(ExtensibilityGlobals) = postSolution
		SolutionGuid = {07878D84-20F7-46A7-BA3C-E8C1980CFC8C}
	EndGlobalSection
EndGlobal
