
Microsoft Visual Studio Solution File, Format Version 12.00
# Visual Studio Version 16
VisualStudioVersion = 16.0.29102.190
MinimumVisualStudioVersion = 10.0.40219.1
Project("{FAE04EC0-301F-11D3-BF4B-00C04F79EFBC}") = "add1_006", "add1_006\add1_006.csproj", "{EF51D005-2D4D-406C-986C-4647139AA4E3}"
EndProject
Project("{FAE04EC0-301F-11D3-BF4B-00C04F79EFBC}") = "t2_006", "t2_006\t2_006.csproj", "{165043B6-61A0-44B9-8014-F6CE90B5C2BC}"
EndProject
Project("{FAE04EC0-301F-11D3-BF4B-00C04F79EFBC}") = "t3_006", "t3_006\t3_006.csproj", "{0FE43745-E89C-4B6C-A24A-E7FDE20244DA}"
EndProject
Project("{FAE04EC0-301F-11D3-BF4B-00C04F79EFBC}") = "t4_006", "t4_006\t4_006.csproj", "{6AAA9252-5035-45C2-BC04-78834AC90D84}"
EndProject
Project("{FAE04EC0-301F-11D3-BF4B-00C04F79EFBC}") = "t003_RSL", "t003_RSL\t003_RSL.csproj", "{F5E7AA28-5130-4198-9037-DA9E02455C6F}"
EndProject
Global
	GlobalSection(SolutionConfigurationPlatforms) = preSolution
		Debug|Any CPU = Debug|Any CPU
		Release|Any CPU = Release|Any CPU
	EndGlobalSection
	GlobalSection(ProjectConfigurationPlatforms) = postSolution
		{EF51D005-2D4D-406C-986C-4647139AA4E3}.Debug|Any CPU.ActiveCfg = Debug|Any CPU
		{EF51D005-2D4D-406C-986C-4647139AA4E3}.Debug|Any CPU.Build.0 = Debug|Any CPU
		{EF51D005-2D4D-406C-986C-4647139AA4E3}.Release|Any CPU.ActiveCfg = Release|Any CPU
		{EF51D005-2D4D-406C-986C-4647139AA4E3}.Release|Any CPU.Build.0 = Release|Any CPU
		{165043B6-61A0-44B9-8014-F6CE90B5C2BC}.Debug|Any CPU.ActiveCfg = Debug|Any CPU
		{165043B6-61A0-44B9-8014-F6CE90B5C2BC}.Debug|Any CPU.Build.0 = Debug|Any CPU
		{165043B6-61A0-44B9-8014-F6CE90B5C2BC}.Release|Any CPU.ActiveCfg = Release|Any CPU
		{165043B6-61A0-44B9-8014-F6CE90B5C2BC}.Release|Any CPU.Build.0 = Release|Any CPU
		{0FE43745-E89C-4B6C-A24A-E7FDE20244DA}.Debug|Any CPU.ActiveCfg = Debug|Any CPU
		{0FE43745-E89C-4B6C-A24A-E7FDE20244DA}.Debug|Any CPU.Build.0 = Debug|Any CPU
		{0FE43745-E89C-4B6C-A24A-E7FDE20244DA}.Release|Any CPU.ActiveCfg = Release|Any CPU
		{0FE43745-E89C-4B6C-A24A-E7FDE20244DA}.Release|Any CPU.Build.0 = Release|Any CPU
		{6AAA9252-5035-45C2-BC04-78834AC90D84}.Debug|Any CPU.ActiveCfg = Debug|Any CPU
		{6AAA9252-5035-45C2-BC04-78834AC90D84}.Debug|Any CPU.Build.0 = Debug|Any CPU
		{6AAA9252-5035-45C2-BC04-78834AC90D84}.Release|Any CPU.ActiveCfg = Release|Any CPU
		{6AAA9252-5035-45C2-BC04-78834AC90D84}.Release|Any CPU.Build.0 = Release|Any CPU
		{F5E7AA28-5130-4198-9037-DA9E02455C6F}.Debug|Any CPU.ActiveCfg = Debug|Any CPU
		{F5E7AA28-5130-4198-9037-DA9E02455C6F}.Debug|Any CPU.Build.0 = Debug|Any CPU
		{F5E7AA28-5130-4198-9037-DA9E02455C6F}.Release|Any CPU.ActiveCfg = Release|Any CPU
		{F5E7AA28-5130-4198-9037-DA9E02455C6F}.Release|Any CPU.Build.0 = Release|Any CPU
	EndGlobalSection
	GlobalSection(SolutionProperties) = preSolution
		HideSolutionNode = FALSE
	EndGlobalSection
	GlobalSection(ExtensibilityGlobals) = postSolution
		SolutionGuid = {CE9174E3-51DE-4E6E-88F2-DA6E0D475884}
	EndGlobalSection
EndGlobal
